
Microsoft Visual Studio Solution File, Format Version 12.00
# Visual Studio Version 17
VisualStudioVersion = 17.0.31903.59
MinimumVisualStudioVersion = 10.0.40219.1
Project("{2150E333-8FDC-42A3-9474-1A3956D46DE8}") = "src", "src", "{827E0CD3-B72D-47B6-A68D-7590B98EB39B}"
EndProject
Project("{FAE04EC0-301F-11D3-BF4B-00C04F79EFBC}") = "GestorPrestamos.Domain", "src\GestorPrestamos.Domain\GestorPrestamos.Domain.csproj", "{9A7D5716-DD27-45B1-B593-992A734BFD02}"
EndProject
Project("{FAE04EC0-301F-11D3-BF4B-00C04F79EFBC}") = "GestorPrestamos.Application", "src\GestorPrestamos.Application\GestorPrestamos.Application.csproj", "{C7EC1192-C614-488D-9FF9-1F3C908D6E8A}"
EndProject
Project("{FAE04EC0-301F-11D3-BF4B-00C04F79EFBC}") = "GestorPrestamos.Infrastructure", "src\GestorPrestamos.Infrastructure\GestorPrestamos.Infrastructure.csproj", "{57130BB8-7A5B-4A89-A7D1-03FC49CC84E8}"
EndProject
Project("{FAE04EC0-301F-11D3-BF4B-00C04F79EFBC}") = "GestorPrestamos.Api", "src\GestorPrestamos.Api\GestorPrestamos.Api.csproj", "{7C1225B4-F9BE-44CF-BB78-5DFF2E52B757}"
EndProject
Project("{FAE04EC0-301F-11D3-BF4B-00C04F79EFBC}") = "GestorPrestamos.ConsoleClient", "src\GestorPrestamos.ConsoleClient\GestorPrestamos.ConsoleClient.csproj", "{60731AF0-8D8F-4224-93AA-632592DEC0DF}"
EndProject
Global
	GlobalSection(SolutionConfigurationPlatforms) = preSolution
		Debug|Any CPU = Debug|Any CPU
		Debug|x64 = Debug|x64
		Debug|x86 = Debug|x86
		Release|Any CPU = Release|Any CPU
		Release|x64 = Release|x64
		Release|x86 = Release|x86
	EndGlobalSection
	GlobalSection(ProjectConfigurationPlatforms) = postSolution
		{9A7D5716-DD27-45B1-B593-992A734BFD02}.Debug|Any CPU.ActiveCfg = Debug|Any CPU
		{9A7D5716-DD27-45B1-B593-992A734BFD02}.Debug|Any CPU.Build.0 = Debug|Any CPU
		{9A7D5716-DD27-45B1-B593-992A734BFD02}.Debug|x64.ActiveCfg = Debug|Any CPU
		{9A7D5716-DD27-45B1-B593-992A734BFD02}.Debug|x64.Build.0 = Debug|Any CPU
		{9A7D5716-DD27-45B1-B593-992A734BFD02}.Debug|x86.ActiveCfg = Debug|Any CPU
		{9A7D5716-DD27-45B1-B593-992A734BFD02}.Debug|x86.Build.0 = Debug|Any CPU
		{9A7D5716-DD27-45B1-B593-992A734BFD02}.Release|Any CPU.ActiveCfg = Release|Any CPU
		{9A7D5716-DD27-45B1-B593-992A734BFD02}.Release|Any CPU.Build.0 = Release|Any CPU
		{9A7D5716-DD27-45B1-B593-992A734BFD02}.Release|x64.ActiveCfg = Release|Any CPU
		{9A7D5716-DD27-45B1-B593-992A734BFD02}.Release|x64.Build.0 = Release|Any CPU
		{9A7D5716-DD27-45B1-B593-992A734BFD02}.Release|x86.ActiveCfg = Release|Any CPU
		{9A7D5716-DD27-45B1-B593-992A734BFD02}.Release|x86.Build.0 = Release|Any CPU
		{C7EC1192-C614-488D-9FF9-1F3C908D6E8A}.Debug|Any CPU.ActiveCfg = Debug|Any CPU
		{C7EC1192-C614-488D-9FF9-1F3C908D6E8A}.Debug|Any CPU.Build.0 = Debug|Any CPU
		{C7EC1192-C614-488D-9FF9-1F3C908D6E8A}.Debug|x64.ActiveCfg = Debug|Any CPU
		{C7EC1192-C614-488D-9FF9-1F3C908D6E8A}.Debug|x64.Build.0 = Debug|Any CPU
		{C7EC1192-C614-488D-9FF9-1F3C908D6E8A}.Debug|x86.ActiveCfg = Debug|Any CPU
		{C7EC1192-C614-488D-9FF9-1F3C908D6E8A}.Debug|x86.Build.0 = Debug|Any CPU
		{C7EC1192-C614-488D-9FF9-1F3C908D6E8A}.Release|Any CPU.ActiveCfg = Release|Any CPU
		{C7EC1192-C614-488D-9FF9-1F3C908D6E8A}.Release|Any CPU.Build.0 = Release|Any CPU
		{C7EC1192-C614-488D-9FF9-1F3C908D6E8A}.Release|x64.ActiveCfg = Release|Any CPU
		{C7EC1192-C614-488D-9FF9-1F3C908D6E8A}.Release|x64.Build.0 = Release|Any CPU
		{C7EC1192-C614-488D-9FF9-1F3C908D6E8A}.Release|x86.ActiveCfg = Release|Any CPU
		{C7EC1192-C614-488D-9FF9-1F3C908D6E8A}.Release|x86.Build.0 = Release|Any CPU
		{57130BB8-7A5B-4A89-A7D1-03FC49CC84E8}.Debug|Any CPU.ActiveCfg = Debug|Any CPU
		{57130BB8-7A5B-4A89-A7D1-03FC49CC84E8}.Debug|Any CPU.Build.0 = Debug|Any CPU
		{57130BB8-7A5B-4A89-A7D1-03FC49CC84E8}.Debug|x64.ActiveCfg = Debug|Any CPU
		{57130BB8-7A5B-4A89-A7D1-03FC49CC84E8}.Debug|x64.Build.0 = Debug|Any CPU
		{57130BB8-7A5B-4A89-A7D1-03FC49CC84E8}.Debug|x86.ActiveCfg = Debug|Any CPU
		{57130BB8-7A5B-4A89-A7D1-03FC49CC84E8}.Debug|x86.Build.0 = Debug|Any CPU
		{57130BB8-7A5B-4A89-A7D1-03FC49CC84E8}.Release|Any CPU.ActiveCfg = Release|Any CPU
		{57130BB8-7A5B-4A89-A7D1-03FC49CC84E8}.Release|Any CPU.Build.0 = Release|Any CPU
		{57130BB8-7A5B-4A89-A7D1-03FC49CC84E8}.Release|x64.ActiveCfg = Release|Any CPU
		{57130BB8-7A5B-4A89-A7D1-03FC49CC84E8}.Release|x64.Build.0 = Release|Any CPU
		{57130BB8-7A5B-4A89-A7D1-03FC49CC84E8}.Release|x86.ActiveCfg = Release|Any CPU
		{57130BB8-7A5B-4A89-A7D1-03FC49CC84E8}.Release|x86.Build.0 = Release|Any CPU
		{7C1225B4-F9BE-44CF-BB78-5DFF2E52B757}.Debug|Any CPU.ActiveCfg = Debug|Any CPU
		{7C1225B4-F9BE-44CF-BB78-5DFF2E52B757}.Debug|Any CPU.Build.0 = Debug|Any CPU
		{7C1225B4-F9BE-44CF-BB78-5DFF2E52B757}.Debug|x64.ActiveCfg = Debug|Any CPU
		{7C1225B4-F9BE-44CF-BB78-5DFF2E52B757}.Debug|x64.Build.0 = Debug|Any CPU
		{7C1225B4-F9BE-44CF-BB78-5DFF2E52B757}.Debug|x86.ActiveCfg = Debug|Any CPU
		{7C1225B4-F9BE-44CF-BB78-5DFF2E52B757}.Debug|x86.Build.0 = Debug|Any CPU
		{7C1225B4-F9BE-44CF-BB78-5DFF2E52B757}.Release|Any CPU.ActiveCfg = Release|Any CPU
		{7C1225B4-F9BE-44CF-BB78-5DFF2E52B757}.Release|Any CPU.Build.0 = Release|Any CPU
		{7C1225B4-F9BE-44CF-BB78-5DFF2E52B757}.Release|x64.ActiveCfg = Release|Any CPU
		{7C1225B4-F9BE-44CF-BB78-5DFF2E52B757}.Release|x64.Build.0 = Release|Any CPU
		{7C1225B4-F9BE-44CF-BB78-5DFF2E52B757}.Release|x86.ActiveCfg = Release|Any CPU
		{7C1225B4-F9BE-44CF-BB78-5DFF2E52B757}.Release|x86.Build.0 = Release|Any CPU
		{60731AF0-8D8F-4224-93AA-632592DEC0DF}.Debug|Any CPU.ActiveCfg = Debug|Any CPU
		{60731AF0-8D8F-4224-93AA-632592DEC0DF}.Debug|Any CPU.Build.0 = Debug|Any CPU
		{60731AF0-8D8F-4224-93AA-632592DEC0DF}.Debug|x64.ActiveCfg = Debug|Any CPU
		{60731AF0-8D8F-4224-93AA-632592DEC0DF}.Debug|x64.Build.0 = Debug|Any CPU
		{60731AF0-8D8F-4224-93AA-632592DEC0DF}.Debug|x86.ActiveCfg = Debug|Any CPU
		{60731AF0-8D8F-4224-93AA-632592DEC0DF}.Debug|x86.Build.0 = Debug|Any CPU
		{60731AF0-8D8F-4224-93AA-632592DEC0DF}.Release|Any CPU.ActiveCfg = Release|Any CPU
		{60731AF0-8D8F-4224-93AA-632592DEC0DF}.Release|Any CPU.Build.0 = Release|Any CPU
		{60731AF0-8D8F-4224-93AA-632592DEC0DF}.Release|x64.ActiveCfg = Release|Any CPU
		{60731AF0-8D8F-4224-93AA-632592DEC0DF}.Release|x64.Build.0 = Release|Any CPU
		{60731AF0-8D8F-4224-93AA-632592DEC0DF}.Release|x86.ActiveCfg = Release|Any CPU
		{60731AF0-8D8F-4224-93AA-632592DEC0DF}.Release|x86.Build.0 = Release|Any CPU
	EndGlobalSection
	GlobalSection(SolutionProperties) = preSolution
		HideSolutionNode = FALSE
	EndGlobalSection
	GlobalSection(NestedProjects) = preSolution
		{9A7D5716-DD27-45B1-B593-992A734BFD02} = {827E0CD3-B72D-47B6-A68D-7590B98EB39B}
		{C7EC1192-C614-488D-9FF9-1F3C908D6E8A} = {827E0CD3-B72D-47B6-A68D-7590B98EB39B}
		{57130BB8-7A5B-4A89-A7D1-03FC49CC84E8} = {827E0CD3-B72D-47B6-A68D-7590B98EB39B}
		{7C1225B4-F9BE-44CF-BB78-5DFF2E52B757} = {827E0CD3-B72D-47B6-A68D-7590B98EB39B}
		{60731AF0-8D8F-4224-93AA-632592DEC0DF} = {827E0CD3-B72D-47B6-A68D-7590B98EB39B}
	EndGlobalSection
EndGlobal
